
Microsoft Visual Studio Solution File, Format Version 12.00
# Visual Studio 2012
Project("{FAE04EC0-301F-11D3-BF4B-00C04F79EFBC}") = "WPB.ReactiveSpellChecker", "WPB.ReactiveSpellChecker\WPB.ReactiveSpellChecker.csproj", "{B2C38C18-EF86-4B4B-836F-8DDE3C717A3A}"
EndProject
Project("{FAE04EC0-301F-11D3-BF4B-00C04F79EFBC}") = "WPB.ReactiveSpellChecker.Runner", "WPB.ReactiveSpellChecker.Runner\WPB.ReactiveSpellChecker.Runner.csproj", "{C7D50090-5466-4EB0-B38B-015C1788A675}"
EndProject
Global
	GlobalSection(SolutionConfigurationPlatforms) = preSolution
		Debug|Any CPU = Debug|Any CPU
		Release|Any CPU = Release|Any CPU
	EndGlobalSection
	GlobalSection(ProjectConfigurationPlatforms) = postSolution
		{B2C38C18-EF86-4B4B-836F-8DDE3C717A3A}.Debug|Any CPU.ActiveCfg = Debug|Any CPU
		{B2C38C18-EF86-4B4B-836F-8DDE3C717A3A}.Debug|Any CPU.Build.0 = Debug|Any CPU
		{B2C38C18-EF86-4B4B-836F-8DDE3C717A3A}.Release|Any CPU.ActiveCfg = Release|Any CPU
		{B2C38C18-EF86-4B4B-836F-8DDE3C717A3A}.Release|Any CPU.Build.0 = Release|Any CPU
		{C7D50090-5466-4EB0-B38B-015C1788A675}.Debug|Any CPU.ActiveCfg = Debug|Any CPU
		{C7D50090-5466-4EB0-B38B-015C1788A675}.Debug|Any CPU.Build.0 = Debug|Any CPU
		{C7D50090-5466-4EB0-B38B-015C1788A675}.Release|Any CPU.ActiveCfg = Release|Any CPU
		{C7D50090-5466-4EB0-B38B-015C1788A675}.Release|Any CPU.Build.0 = Release|Any CPU
	EndGlobalSection
	GlobalSection(SolutionProperties) = preSolution
		HideSolutionNode = FALSE
	EndGlobalSection
EndGlobal
